
Microsoft Visual Studio Solution File, Format Version 12.00
# Visual Studio Version 16
VisualStudioVersion = 16.0.30114.105
MinimumVisualStudioVersion = 10.0.40219.1
Project("{2150E333-8FDC-42A3-9474-1A3956D46DE8}") = "src", "src", "{9FE57E62-D934-4FCF-AE34-2FB5D25E137E}"
EndProject
Project("{FAE04EC0-301F-11D3-BF4B-00C04F79EFBC}") = "Identity.API", "src\Identity.API\Identity.API.csproj", "{C5528CD0-E4EB-46B2-B663-9E9F758D0136}"
EndProject
Project("{2150E333-8FDC-42A3-9474-1A3956D46DE8}") = ".", ".", "{7D65D6DE-685D-42BA-85A2-643143F75955}"
EndProject
Project("{2150E333-8FDC-42A3-9474-1A3956D46DE8}") = "src", "src", "{9D4C3E80-F5E2-4730-BA90-DCE3AAB253E3}"
EndProject
Project("{2150E333-8FDC-42A3-9474-1A3956D46DE8}") = "Examimation", "Examimation", "{9AB02B58-107A-477D-AAFE-E5E1DC38850F}"
EndProject
Project("{FAE04EC0-301F-11D3-BF4B-00C04F79EFBC}") = "Examination.API", "src\Examimation\Examination.API\Examination.API.csproj", "{640753AD-28D7-4261-A137-4CDAE798FD77}"
EndProject
Project("{FAE04EC0-301F-11D3-BF4B-00C04F79EFBC}") = "Examination.Application", "src\Examimation\Examination.Application\Examination.Application.csproj", "{192C6F62-2272-4881-8C08-4CE1867AC57F}"
EndProject
Project("{FAE04EC0-301F-11D3-BF4B-00C04F79EFBC}") = "Examination.Domain", "src\Examimation\Examination.Domain\Examination.Domain.csproj", "{99EA1AAF-0025-4EA2-83BD-250FAD781E15}"
EndProject
Project("{FAE04EC0-301F-11D3-BF4B-00C04F79EFBC}") = "Examination.Infrastructure", "src\Examimation\Examination.Infrastructure\Examination.Infrastructure.csproj", "{C9EC73D5-E82C-41E1-850E-CB5B265E4133}"
EndProject
Project("{2150E333-8FDC-42A3-9474-1A3956D46DE8}") = "tests", "tests", "{6DD6D57E-A217-4AF7-B5E4-37F577673BAE}"
EndProject
Project("{2150E333-8FDC-42A3-9474-1A3956D46DE8}") = "Identity.API", "Identity.API", "{361BF25D-E90C-4459-A594-E6A5B1478DB1}"
EndProject
Project("{FAE04EC0-301F-11D3-BF4B-00C04F79EFBC}") = "Identity.API.IntegrationTests", "tests\Identity.API\Identity.API.IntegrationTests\Identity.API.IntegrationTests.csproj", "{C7778171-372A-487A-AD8C-59D0BC287107}"
EndProject
Project("{2150E333-8FDC-42A3-9474-1A3956D46DE8}") = "Examimation", "Examimation", "{00BF5644-8943-4307-AEB0-15A85BB05DB2}"
EndProject
Project("{FAE04EC0-301F-11D3-BF4B-00C04F79EFBC}") = "Examination.API.IntegrationTests", "tests\Examimation\Examination.API.IntegrationTests\Examination.API.IntegrationTests.csproj", "{012150DB-C331-46CE-9137-CFA5D05F11B5}"
EndProject
Project("{FAE04EC0-301F-11D3-BF4B-00C04F79EFBC}") = "Examination.Application.UnitTests", "tests\Examimation\Examination.Application.UnitTests\Examination.Application.UnitTests.csproj", "{C52CA708-C987-4F94-91F3-60EAE7259B3E}"
EndProject
Project("{FAE04EC0-301F-11D3-BF4B-00C04F79EFBC}") = "Examination.Domain.UnitTests", "tests\Examimation\Examination.Domain.UnitTests\Examination.Domain.UnitTests.csproj", "{58A0061B-3AF4-4C9C-901F-8A9794330B8D}"
EndProject
Project("{FAE04EC0-301F-11D3-BF4B-00C04F79EFBC}") = "Examination.Infrastructure.IntegrationTests", "tests\Examimation\Examination.Infrastructure.IntegrationTests\Examination.Infrastructure.IntegrationTests.csproj", "{4647FA9A-519A-4632-8750-882AF3C4300F}"
EndProject
Global
	GlobalSection(SolutionConfigurationPlatforms) = preSolution
		Debug|Any CPU = Debug|Any CPU
		Release|Any CPU = Release|Any CPU
	EndGlobalSection
	GlobalSection(SolutionProperties) = preSolution
		HideSolutionNode = FALSE
	EndGlobalSection
	GlobalSection(ProjectConfigurationPlatforms) = postSolution
		{C5528CD0-E4EB-46B2-B663-9E9F758D0136}.Debug|Any CPU.ActiveCfg = Debug|Any CPU
		{C5528CD0-E4EB-46B2-B663-9E9F758D0136}.Debug|Any CPU.Build.0 = Debug|Any CPU
		{C5528CD0-E4EB-46B2-B663-9E9F758D0136}.Release|Any CPU.ActiveCfg = Release|Any CPU
		{C5528CD0-E4EB-46B2-B663-9E9F758D0136}.Release|Any CPU.Build.0 = Release|Any CPU
		{640753AD-28D7-4261-A137-4CDAE798FD77}.Debug|Any CPU.ActiveCfg = Debug|Any CPU
		{640753AD-28D7-4261-A137-4CDAE798FD77}.Debug|Any CPU.Build.0 = Debug|Any CPU
		{640753AD-28D7-4261-A137-4CDAE798FD77}.Release|Any CPU.ActiveCfg = Release|Any CPU
		{640753AD-28D7-4261-A137-4CDAE798FD77}.Release|Any CPU.Build.0 = Release|Any CPU
		{192C6F62-2272-4881-8C08-4CE1867AC57F}.Debug|Any CPU.ActiveCfg = Debug|Any CPU
		{192C6F62-2272-4881-8C08-4CE1867AC57F}.Debug|Any CPU.Build.0 = Debug|Any CPU
		{192C6F62-2272-4881-8C08-4CE1867AC57F}.Release|Any CPU.ActiveCfg = Release|Any CPU
		{192C6F62-2272-4881-8C08-4CE1867AC57F}.Release|Any CPU.Build.0 = Release|Any CPU
		{99EA1AAF-0025-4EA2-83BD-250FAD781E15}.Debug|Any CPU.ActiveCfg = Debug|Any CPU
		{99EA1AAF-0025-4EA2-83BD-250FAD781E15}.Debug|Any CPU.Build.0 = Debug|Any CPU
		{99EA1AAF-0025-4EA2-83BD-250FAD781E15}.Release|Any CPU.ActiveCfg = Release|Any CPU
		{99EA1AAF-0025-4EA2-83BD-250FAD781E15}.Release|Any CPU.Build.0 = Release|Any CPU
		{C9EC73D5-E82C-41E1-850E-CB5B265E4133}.Debug|Any CPU.ActiveCfg = Debug|Any CPU
		{C9EC73D5-E82C-41E1-850E-CB5B265E4133}.Debug|Any CPU.Build.0 = Debug|Any CPU
		{C9EC73D5-E82C-41E1-850E-CB5B265E4133}.Release|Any CPU.ActiveCfg = Release|Any CPU
		{C9EC73D5-E82C-41E1-850E-CB5B265E4133}.Release|Any CPU.Build.0 = Release|Any CPU
		{C7778171-372A-487A-AD8C-59D0BC287107}.Debug|Any CPU.ActiveCfg = Debug|Any CPU
		{C7778171-372A-487A-AD8C-59D0BC287107}.Debug|Any CPU.Build.0 = Debug|Any CPU
		{C7778171-372A-487A-AD8C-59D0BC287107}.Release|Any CPU.ActiveCfg = Release|Any CPU
		{C7778171-372A-487A-AD8C-59D0BC287107}.Release|Any CPU.Build.0 = Release|Any CPU
		{012150DB-C331-46CE-9137-CFA5D05F11B5}.Debug|Any CPU.ActiveCfg = Debug|Any CPU
		{012150DB-C331-46CE-9137-CFA5D05F11B5}.Debug|Any CPU.Build.0 = Debug|Any CPU
		{012150DB-C331-46CE-9137-CFA5D05F11B5}.Release|Any CPU.ActiveCfg = Release|Any CPU
		{012150DB-C331-46CE-9137-CFA5D05F11B5}.Release|Any CPU.Build.0 = Release|Any CPU
		{C52CA708-C987-4F94-91F3-60EAE7259B3E}.Debug|Any CPU.ActiveCfg = Debug|Any CPU
		{C52CA708-C987-4F94-91F3-60EAE7259B3E}.Debug|Any CPU.Build.0 = Debug|Any CPU
		{C52CA708-C987-4F94-91F3-60EAE7259B3E}.Release|Any CPU.ActiveCfg = Release|Any CPU
		{C52CA708-C987-4F94-91F3-60EAE7259B3E}.Release|Any CPU.Build.0 = Release|Any CPU
		{58A0061B-3AF4-4C9C-901F-8A9794330B8D}.Debug|Any CPU.ActiveCfg = Debug|Any CPU
		{58A0061B-3AF4-4C9C-901F-8A9794330B8D}.Debug|Any CPU.Build.0 = Debug|Any CPU
		{58A0061B-3AF4-4C9C-901F-8A9794330B8D}.Release|Any CPU.ActiveCfg = Release|Any CPU
		{58A0061B-3AF4-4C9C-901F-8A9794330B8D}.Release|Any CPU.Build.0 = Release|Any CPU
		{4647FA9A-519A-4632-8750-882AF3C4300F}.Debug|Any CPU.ActiveCfg = Debug|Any CPU
		{4647FA9A-519A-4632-8750-882AF3C4300F}.Debug|Any CPU.Build.0 = Debug|Any CPU
		{4647FA9A-519A-4632-8750-882AF3C4300F}.Release|Any CPU.ActiveCfg = Release|Any CPU
		{4647FA9A-519A-4632-8750-882AF3C4300F}.Release|Any CPU.Build.0 = Release|Any CPU
	EndGlobalSection
	GlobalSection(NestedProjects) = preSolution
		{C5528CD0-E4EB-46B2-B663-9E9F758D0136} = {9FE57E62-D934-4FCF-AE34-2FB5D25E137E}
		{9D4C3E80-F5E2-4730-BA90-DCE3AAB253E3} = {7D65D6DE-685D-42BA-85A2-643143F75955}
		{9AB02B58-107A-477D-AAFE-E5E1DC38850F} = {9D4C3E80-F5E2-4730-BA90-DCE3AAB253E3}
		{640753AD-28D7-4261-A137-4CDAE798FD77} = {9AB02B58-107A-477D-AAFE-E5E1DC38850F}
		{192C6F62-2272-4881-8C08-4CE1867AC57F} = {9AB02B58-107A-477D-AAFE-E5E1DC38850F}
		{99EA1AAF-0025-4EA2-83BD-250FAD781E15} = {9AB02B58-107A-477D-AAFE-E5E1DC38850F}
		{C9EC73D5-E82C-41E1-850E-CB5B265E4133} = {9AB02B58-107A-477D-AAFE-E5E1DC38850F}
		{6DD6D57E-A217-4AF7-B5E4-37F577673BAE} = {7D65D6DE-685D-42BA-85A2-643143F75955}
		{361BF25D-E90C-4459-A594-E6A5B1478DB1} = {6DD6D57E-A217-4AF7-B5E4-37F577673BAE}
		{C7778171-372A-487A-AD8C-59D0BC287107} = {361BF25D-E90C-4459-A594-E6A5B1478DB1}
		{00BF5644-8943-4307-AEB0-15A85BB05DB2} = {6DD6D57E-A217-4AF7-B5E4-37F577673BAE}
		{012150DB-C331-46CE-9137-CFA5D05F11B5} = {00BF5644-8943-4307-AEB0-15A85BB05DB2}
		{C52CA708-C987-4F94-91F3-60EAE7259B3E} = {00BF5644-8943-4307-AEB0-15A85BB05DB2}
		{58A0061B-3AF4-4C9C-901F-8A9794330B8D} = {00BF5644-8943-4307-AEB0-15A85BB05DB2}
		{4647FA9A-519A-4632-8750-882AF3C4300F} = {00BF5644-8943-4307-AEB0-15A85BB05DB2}
	EndGlobalSection
EndGlobal
