
Microsoft Visual Studio Solution File, Format Version 12.00
# Visual Studio Version 16
VisualStudioVersion = 16.0.30114.105
MinimumVisualStudioVersion = 10.0.40219.1
Project("{2150E333-8FDC-42A3-9474-1A3956D46DE8}") = "Examimation", "Examimation", "{9AB02B58-107A-477D-AAFE-E5E1DC38850F}"
EndProject
Project("{FAE04EC0-301F-11D3-BF4B-00C04F79EFBC}") = "Examination.API", "src\Examimation\Examination.API\Examination.API.csproj", "{640753AD-28D7-4261-A137-4CDAE798FD77}"
EndProject
Project("{FAE04EC0-301F-11D3-BF4B-00C04F79EFBC}") = "Examination.Application", "src\Examimation\Examination.Application\Examination.Application.csproj", "{192C6F62-2272-4881-8C08-4CE1867AC57F}"
EndProject
Project("{FAE04EC0-301F-11D3-BF4B-00C04F79EFBC}") = "Examination.Domain", "src\Examimation\Examination.Domain\Examination.Domain.csproj", "{99EA1AAF-0025-4EA2-83BD-250FAD781E15}"
EndProject
Project("{FAE04EC0-301F-11D3-BF4B-00C04F79EFBC}") = "Examination.Infrastructure", "src\Examimation\Examination.Infrastructure\Examination.Infrastructure.csproj", "{C9EC73D5-E82C-41E1-850E-CB5B265E4133}"
EndProject
Project("{2150E333-8FDC-42A3-9474-1A3956D46DE8}") = "Identity.API", "Identity.API", "{361BF25D-E90C-4459-A594-E6A5B1478DB1}"
EndProject
Project("{FAE04EC0-301F-11D3-BF4B-00C04F79EFBC}") = "Identity.API.IntegrationTests", "tests\Identity\Identity.API.IntegrationTests\Identity.API.IntegrationTests.csproj", "{C7778171-372A-487A-AD8C-59D0BC287107}"
EndProject
Project("{2150E333-8FDC-42A3-9474-1A3956D46DE8}") = "Examimation", "Examimation", "{00BF5644-8943-4307-AEB0-15A85BB05DB2}"
EndProject
Project("{FAE04EC0-301F-11D3-BF4B-00C04F79EFBC}") = "Examination.API.IntegrationTests", "tests\Examimation\Examination.API.IntegrationTests\Examination.API.IntegrationTests.csproj", "{012150DB-C331-46CE-9137-CFA5D05F11B5}"
EndProject
Project("{FAE04EC0-301F-11D3-BF4B-00C04F79EFBC}") = "Examination.Application.UnitTests", "tests\Examimation\Examination.Application.UnitTests\Examination.Application.UnitTests.csproj", "{C52CA708-C987-4F94-91F3-60EAE7259B3E}"
EndProject
Project("{FAE04EC0-301F-11D3-BF4B-00C04F79EFBC}") = "Examination.Domain.UnitTests", "tests\Examimation\Examination.Domain.UnitTests\Examination.Domain.UnitTests.csproj", "{58A0061B-3AF4-4C9C-901F-8A9794330B8D}"
EndProject
Project("{FAE04EC0-301F-11D3-BF4B-00C04F79EFBC}") = "Examination.Infrastructure.IntegrationTests", "tests\Examimation\Examination.Infrastructure.IntegrationTests\Examination.Infrastructure.IntegrationTests.csproj", "{4647FA9A-519A-4632-8750-882AF3C4300F}"
EndProject
Project("{2150E333-8FDC-42A3-9474-1A3956D46DE8}") = "BuildingBlocks", "BuildingBlocks", "{B8C00F4C-C82B-4BD9-985F-ED61E94C2857}"
EndProject
Project("{FAE04EC0-301F-11D3-BF4B-00C04F79EFBC}") = "Examination.Dtos", "src\BuildingBlocks\Examination.Dtos\Examination.Dtos.csproj", "{53964C5B-05CF-49B5-AFA6-D0B22A3122DC}"
EndProject
Project("{2150E333-8FDC-42A3-9474-1A3956D46DE8}") = "src", "src", "{9E4BCB66-DEA4-4505-A98B-750535140F06}"
EndProject
Project("{2150E333-8FDC-42A3-9474-1A3956D46DE8}") = "test", "test", "{5E050BE6-4DC4-4DCC-9955-880FE902926A}"
EndProject
Project("{2150E333-8FDC-42A3-9474-1A3956D46DE8}") = "Identity", "Identity", "{AEF5D47E-4EEC-471A-BC61-BC581C9E7EB2}"
EndProject
Project("{FAE04EC0-301F-11D3-BF4B-00C04F79EFBC}") = "Identity.STS.Identity", "src\Examimation\Identity\Identity.STS.Identity\Identity.STS.Identity.csproj", "{3504BB1F-716C-4BFF-AE6F-08438121EA95}"
EndProject
Project("{FAE04EC0-301F-11D3-BF4B-00C04F79EFBC}") = "Identity.Shared.Configuration", "src\Examimation\Identity\Identity.Shared.Configuration\Identity.Shared.Configuration.csproj", "{4F7BDFFE-2485-4189-B23E-40C2FAB91532}"
EndProject
Project("{FAE04EC0-301F-11D3-BF4B-00C04F79EFBC}") = "Identity.Shared", "src\Examimation\Identity\Identity.Shared\Identity.Shared.csproj", "{8104B436-8BB3-41E5-9225-933B18810405}"
EndProject
Project("{FAE04EC0-301F-11D3-BF4B-00C04F79EFBC}") = "Identity.Admin.UI", "src\Examimation\Identity\Identity.Admin.UI\Identity.Admin.UI.csproj", "{4C720035-CFF6-44B8-9840-BBE4EF19FF03}"
EndProject
Project("{FAE04EC0-301F-11D3-BF4B-00C04F79EFBC}") = "Identity.Admin.EntityFramework.SqlServer", "src\Examimation\Identity\Identity.Admin.EntityFramework.SqlServer\Identity.Admin.EntityFramework.SqlServer.csproj", "{FD3B867E-207D-4E13-A628-87285CB7C229}"
EndProject
Project("{FAE04EC0-301F-11D3-BF4B-00C04F79EFBC}") = "Identity.Admin.EntityFramework.Shared", "src\Examimation\Identity\Identity.Admin.EntityFramework.Shared\Identity.Admin.EntityFramework.Shared.csproj", "{C8EC27C3-3170-4BF2-84DD-A5A64F5BBDAD}"
EndProject
Project("{FAE04EC0-301F-11D3-BF4B-00C04F79EFBC}") = "Identity.Admin.EntityFramework.Identity", "src\Examimation\Identity\Identity.Admin.EntityFramework.Identity\Identity.Admin.EntityFramework.Identity.csproj", "{D20B4DB5-82F6-42BB-AA0C-2828D4C68F19}"
EndProject
Project("{FAE04EC0-301F-11D3-BF4B-00C04F79EFBC}") = "Identity.Admin.EntityFramework.Extensions", "src\Examimation\Identity\Identity.Admin.EntityFramework.Extensions\Identity.Admin.EntityFramework.Extensions.csproj", "{923B7A68-3D82-44ED-ABD2-C040D11D265C}"
EndProject
Project("{FAE04EC0-301F-11D3-BF4B-00C04F79EFBC}") = "Identity.Admin.EntityFramework", "src\Examimation\Identity\Identity.Admin.EntityFramework\Identity.Admin.EntityFramework.csproj", "{8CACA67B-CC8E-40C6-9B56-D3A41F055CE5}"
EndProject
Project("{FAE04EC0-301F-11D3-BF4B-00C04F79EFBC}") = "Identity.Admin.BusinessLogic.Shared", "src\Examimation\Identity\Identity.Admin.BusinessLogic.Shared\Identity.Admin.BusinessLogic.Shared.csproj", "{0478E320-BDCD-47F4-BF56-D5EF5C221DCA}"
EndProject
Project("{FAE04EC0-301F-11D3-BF4B-00C04F79EFBC}") = "Identity.Admin.BusinessLogic.Identity", "src\Examimation\Identity\Identity.Admin.BusinessLogic.Identity\Identity.Admin.BusinessLogic.Identity.csproj", "{B6B33C39-4455-43D6-AF86-E89BD19F68C1}"
EndProject
Project("{FAE04EC0-301F-11D3-BF4B-00C04F79EFBC}") = "Identity.Admin.BusinessLogic", "src\Examimation\Identity\Identity.Admin.BusinessLogic\Identity.Admin.BusinessLogic.csproj", "{5BF65FE9-AD2C-4570-BD3A-426CCE5230C3}"
EndProject
Project("{FAE04EC0-301F-11D3-BF4B-00C04F79EFBC}") = "Identity.Admin", "src\Examimation\Identity\Identity.Admin\Identity.Admin.csproj", "{107E1A57-1471-4228-BFF1-597295363951}"
EndProject
Project("{FAE04EC0-301F-11D3-BF4B-00C04F79EFBC}") = "Identity.Admin.EntityFramework.Configuration", "src\Examimation\Identity\Identity.Admin.EntityFramework.Configuration\Identity.Admin.EntityFramework.Configuration.csproj", "{03A521DB-A7BE-40D1-8233-3EB0E4074E3A}"
EndProject
Global
	GlobalSection(SolutionConfigurationPlatforms) = preSolution
		Debug|Any CPU = Debug|Any CPU
		Release|Any CPU = Release|Any CPU
	EndGlobalSection
	GlobalSection(SolutionProperties) = preSolution
		HideSolutionNode = FALSE
	EndGlobalSection
	GlobalSection(ProjectConfigurationPlatforms) = postSolution
		{640753AD-28D7-4261-A137-4CDAE798FD77}.Debug|Any CPU.ActiveCfg = Debug|Any CPU
		{640753AD-28D7-4261-A137-4CDAE798FD77}.Debug|Any CPU.Build.0 = Debug|Any CPU
		{640753AD-28D7-4261-A137-4CDAE798FD77}.Release|Any CPU.ActiveCfg = Release|Any CPU
		{640753AD-28D7-4261-A137-4CDAE798FD77}.Release|Any CPU.Build.0 = Release|Any CPU
		{192C6F62-2272-4881-8C08-4CE1867AC57F}.Debug|Any CPU.ActiveCfg = Debug|Any CPU
		{192C6F62-2272-4881-8C08-4CE1867AC57F}.Debug|Any CPU.Build.0 = Debug|Any CPU
		{192C6F62-2272-4881-8C08-4CE1867AC57F}.Release|Any CPU.ActiveCfg = Release|Any CPU
		{192C6F62-2272-4881-8C08-4CE1867AC57F}.Release|Any CPU.Build.0 = Release|Any CPU
		{99EA1AAF-0025-4EA2-83BD-250FAD781E15}.Debug|Any CPU.ActiveCfg = Debug|Any CPU
		{99EA1AAF-0025-4EA2-83BD-250FAD781E15}.Debug|Any CPU.Build.0 = Debug|Any CPU
		{99EA1AAF-0025-4EA2-83BD-250FAD781E15}.Release|Any CPU.ActiveCfg = Release|Any CPU
		{99EA1AAF-0025-4EA2-83BD-250FAD781E15}.Release|Any CPU.Build.0 = Release|Any CPU
		{C9EC73D5-E82C-41E1-850E-CB5B265E4133}.Debug|Any CPU.ActiveCfg = Debug|Any CPU
		{C9EC73D5-E82C-41E1-850E-CB5B265E4133}.Debug|Any CPU.Build.0 = Debug|Any CPU
		{C9EC73D5-E82C-41E1-850E-CB5B265E4133}.Release|Any CPU.ActiveCfg = Release|Any CPU
		{C9EC73D5-E82C-41E1-850E-CB5B265E4133}.Release|Any CPU.Build.0 = Release|Any CPU
		{C7778171-372A-487A-AD8C-59D0BC287107}.Debug|Any CPU.ActiveCfg = Debug|Any CPU
		{C7778171-372A-487A-AD8C-59D0BC287107}.Debug|Any CPU.Build.0 = Debug|Any CPU
		{C7778171-372A-487A-AD8C-59D0BC287107}.Release|Any CPU.ActiveCfg = Release|Any CPU
		{C7778171-372A-487A-AD8C-59D0BC287107}.Release|Any CPU.Build.0 = Release|Any CPU
		{012150DB-C331-46CE-9137-CFA5D05F11B5}.Debug|Any CPU.ActiveCfg = Debug|Any CPU
		{012150DB-C331-46CE-9137-CFA5D05F11B5}.Debug|Any CPU.Build.0 = Debug|Any CPU
		{012150DB-C331-46CE-9137-CFA5D05F11B5}.Release|Any CPU.ActiveCfg = Release|Any CPU
		{012150DB-C331-46CE-9137-CFA5D05F11B5}.Release|Any CPU.Build.0 = Release|Any CPU
		{C52CA708-C987-4F94-91F3-60EAE7259B3E}.Debug|Any CPU.ActiveCfg = Debug|Any CPU
		{C52CA708-C987-4F94-91F3-60EAE7259B3E}.Debug|Any CPU.Build.0 = Debug|Any CPU
		{C52CA708-C987-4F94-91F3-60EAE7259B3E}.Release|Any CPU.ActiveCfg = Release|Any CPU
		{C52CA708-C987-4F94-91F3-60EAE7259B3E}.Release|Any CPU.Build.0 = Release|Any CPU
		{58A0061B-3AF4-4C9C-901F-8A9794330B8D}.Debug|Any CPU.ActiveCfg = Debug|Any CPU
		{58A0061B-3AF4-4C9C-901F-8A9794330B8D}.Debug|Any CPU.Build.0 = Debug|Any CPU
		{58A0061B-3AF4-4C9C-901F-8A9794330B8D}.Release|Any CPU.ActiveCfg = Release|Any CPU
		{58A0061B-3AF4-4C9C-901F-8A9794330B8D}.Release|Any CPU.Build.0 = Release|Any CPU
		{4647FA9A-519A-4632-8750-882AF3C4300F}.Debug|Any CPU.ActiveCfg = Debug|Any CPU
		{4647FA9A-519A-4632-8750-882AF3C4300F}.Debug|Any CPU.Build.0 = Debug|Any CPU
		{4647FA9A-519A-4632-8750-882AF3C4300F}.Release|Any CPU.ActiveCfg = Release|Any CPU
		{4647FA9A-519A-4632-8750-882AF3C4300F}.Release|Any CPU.Build.0 = Release|Any CPU
		{53964C5B-05CF-49B5-AFA6-D0B22A3122DC}.Debug|Any CPU.ActiveCfg = Debug|Any CPU
		{53964C5B-05CF-49B5-AFA6-D0B22A3122DC}.Debug|Any CPU.Build.0 = Debug|Any CPU
		{53964C5B-05CF-49B5-AFA6-D0B22A3122DC}.Release|Any CPU.ActiveCfg = Release|Any CPU
		{53964C5B-05CF-49B5-AFA6-D0B22A3122DC}.Release|Any CPU.Build.0 = Release|Any CPU
		{3504BB1F-716C-4BFF-AE6F-08438121EA95}.Debug|Any CPU.ActiveCfg = Debug|Any CPU
		{3504BB1F-716C-4BFF-AE6F-08438121EA95}.Debug|Any CPU.Build.0 = Debug|Any CPU
		{3504BB1F-716C-4BFF-AE6F-08438121EA95}.Release|Any CPU.ActiveCfg = Release|Any CPU
		{3504BB1F-716C-4BFF-AE6F-08438121EA95}.Release|Any CPU.Build.0 = Release|Any CPU
		{4F7BDFFE-2485-4189-B23E-40C2FAB91532}.Debug|Any CPU.ActiveCfg = Debug|Any CPU
		{4F7BDFFE-2485-4189-B23E-40C2FAB91532}.Debug|Any CPU.Build.0 = Debug|Any CPU
		{4F7BDFFE-2485-4189-B23E-40C2FAB91532}.Release|Any CPU.ActiveCfg = Release|Any CPU
		{4F7BDFFE-2485-4189-B23E-40C2FAB91532}.Release|Any CPU.Build.0 = Release|Any CPU
		{8104B436-8BB3-41E5-9225-933B18810405}.Debug|Any CPU.ActiveCfg = Debug|Any CPU
		{8104B436-8BB3-41E5-9225-933B18810405}.Debug|Any CPU.Build.0 = Debug|Any CPU
		{8104B436-8BB3-41E5-9225-933B18810405}.Release|Any CPU.ActiveCfg = Release|Any CPU
		{8104B436-8BB3-41E5-9225-933B18810405}.Release|Any CPU.Build.0 = Release|Any CPU
		{4C720035-CFF6-44B8-9840-BBE4EF19FF03}.Debug|Any CPU.ActiveCfg = Debug|Any CPU
		{4C720035-CFF6-44B8-9840-BBE4EF19FF03}.Debug|Any CPU.Build.0 = Debug|Any CPU
		{4C720035-CFF6-44B8-9840-BBE4EF19FF03}.Release|Any CPU.ActiveCfg = Release|Any CPU
		{4C720035-CFF6-44B8-9840-BBE4EF19FF03}.Release|Any CPU.Build.0 = Release|Any CPU
		{FD3B867E-207D-4E13-A628-87285CB7C229}.Debug|Any CPU.ActiveCfg = Debug|Any CPU
		{FD3B867E-207D-4E13-A628-87285CB7C229}.Debug|Any CPU.Build.0 = Debug|Any CPU
		{FD3B867E-207D-4E13-A628-87285CB7C229}.Release|Any CPU.ActiveCfg = Release|Any CPU
		{FD3B867E-207D-4E13-A628-87285CB7C229}.Release|Any CPU.Build.0 = Release|Any CPU
		{C8EC27C3-3170-4BF2-84DD-A5A64F5BBDAD}.Debug|Any CPU.ActiveCfg = Debug|Any CPU
		{C8EC27C3-3170-4BF2-84DD-A5A64F5BBDAD}.Debug|Any CPU.Build.0 = Debug|Any CPU
		{C8EC27C3-3170-4BF2-84DD-A5A64F5BBDAD}.Release|Any CPU.ActiveCfg = Release|Any CPU
		{C8EC27C3-3170-4BF2-84DD-A5A64F5BBDAD}.Release|Any CPU.Build.0 = Release|Any CPU
		{D20B4DB5-82F6-42BB-AA0C-2828D4C68F19}.Debug|Any CPU.ActiveCfg = Debug|Any CPU
		{D20B4DB5-82F6-42BB-AA0C-2828D4C68F19}.Debug|Any CPU.Build.0 = Debug|Any CPU
		{D20B4DB5-82F6-42BB-AA0C-2828D4C68F19}.Release|Any CPU.ActiveCfg = Release|Any CPU
		{D20B4DB5-82F6-42BB-AA0C-2828D4C68F19}.Release|Any CPU.Build.0 = Release|Any CPU
		{923B7A68-3D82-44ED-ABD2-C040D11D265C}.Debug|Any CPU.ActiveCfg = Debug|Any CPU
		{923B7A68-3D82-44ED-ABD2-C040D11D265C}.Debug|Any CPU.Build.0 = Debug|Any CPU
		{923B7A68-3D82-44ED-ABD2-C040D11D265C}.Release|Any CPU.ActiveCfg = Release|Any CPU
		{923B7A68-3D82-44ED-ABD2-C040D11D265C}.Release|Any CPU.Build.0 = Release|Any CPU
		{8CACA67B-CC8E-40C6-9B56-D3A41F055CE5}.Debug|Any CPU.ActiveCfg = Debug|Any CPU
		{8CACA67B-CC8E-40C6-9B56-D3A41F055CE5}.Debug|Any CPU.Build.0 = Debug|Any CPU
		{8CACA67B-CC8E-40C6-9B56-D3A41F055CE5}.Release|Any CPU.ActiveCfg = Release|Any CPU
		{8CACA67B-CC8E-40C6-9B56-D3A41F055CE5}.Release|Any CPU.Build.0 = Release|Any CPU
		{0478E320-BDCD-47F4-BF56-D5EF5C221DCA}.Debug|Any CPU.ActiveCfg = Debug|Any CPU
		{0478E320-BDCD-47F4-BF56-D5EF5C221DCA}.Debug|Any CPU.Build.0 = Debug|Any CPU
		{0478E320-BDCD-47F4-BF56-D5EF5C221DCA}.Release|Any CPU.ActiveCfg = Release|Any CPU
		{0478E320-BDCD-47F4-BF56-D5EF5C221DCA}.Release|Any CPU.Build.0 = Release|Any CPU
		{B6B33C39-4455-43D6-AF86-E89BD19F68C1}.Debug|Any CPU.ActiveCfg = Debug|Any CPU
		{B6B33C39-4455-43D6-AF86-E89BD19F68C1}.Debug|Any CPU.Build.0 = Debug|Any CPU
		{B6B33C39-4455-43D6-AF86-E89BD19F68C1}.Release|Any CPU.ActiveCfg = Release|Any CPU
		{B6B33C39-4455-43D6-AF86-E89BD19F68C1}.Release|Any CPU.Build.0 = Release|Any CPU
		{5BF65FE9-AD2C-4570-BD3A-426CCE5230C3}.Debug|Any CPU.ActiveCfg = Debug|Any CPU
		{5BF65FE9-AD2C-4570-BD3A-426CCE5230C3}.Debug|Any CPU.Build.0 = Debug|Any CPU
		{5BF65FE9-AD2C-4570-BD3A-426CCE5230C3}.Release|Any CPU.ActiveCfg = Release|Any CPU
		{5BF65FE9-AD2C-4570-BD3A-426CCE5230C3}.Release|Any CPU.Build.0 = Release|Any CPU
		{107E1A57-1471-4228-BFF1-597295363951}.Debug|Any CPU.ActiveCfg = Debug|Any CPU
		{107E1A57-1471-4228-BFF1-597295363951}.Debug|Any CPU.Build.0 = Debug|Any CPU
		{107E1A57-1471-4228-BFF1-597295363951}.Release|Any CPU.ActiveCfg = Release|Any CPU
		{107E1A57-1471-4228-BFF1-597295363951}.Release|Any CPU.Build.0 = Release|Any CPU
		{03A521DB-A7BE-40D1-8233-3EB0E4074E3A}.Debug|Any CPU.ActiveCfg = Debug|Any CPU
		{03A521DB-A7BE-40D1-8233-3EB0E4074E3A}.Debug|Any CPU.Build.0 = Debug|Any CPU
		{03A521DB-A7BE-40D1-8233-3EB0E4074E3A}.Release|Any CPU.ActiveCfg = Release|Any CPU
		{03A521DB-A7BE-40D1-8233-3EB0E4074E3A}.Release|Any CPU.Build.0 = Release|Any CPU
	EndGlobalSection
	GlobalSection(NestedProjects) = preSolution
		{9AB02B58-107A-477D-AAFE-E5E1DC38850F} = {9E4BCB66-DEA4-4505-A98B-750535140F06}
		{640753AD-28D7-4261-A137-4CDAE798FD77} = {9AB02B58-107A-477D-AAFE-E5E1DC38850F}
		{192C6F62-2272-4881-8C08-4CE1867AC57F} = {9AB02B58-107A-477D-AAFE-E5E1DC38850F}
		{99EA1AAF-0025-4EA2-83BD-250FAD781E15} = {9AB02B58-107A-477D-AAFE-E5E1DC38850F}
		{C9EC73D5-E82C-41E1-850E-CB5B265E4133} = {9AB02B58-107A-477D-AAFE-E5E1DC38850F}
		{361BF25D-E90C-4459-A594-E6A5B1478DB1} = {5E050BE6-4DC4-4DCC-9955-880FE902926A}
		{C7778171-372A-487A-AD8C-59D0BC287107} = {361BF25D-E90C-4459-A594-E6A5B1478DB1}
		{00BF5644-8943-4307-AEB0-15A85BB05DB2} = {5E050BE6-4DC4-4DCC-9955-880FE902926A}
		{012150DB-C331-46CE-9137-CFA5D05F11B5} = {00BF5644-8943-4307-AEB0-15A85BB05DB2}
		{C52CA708-C987-4F94-91F3-60EAE7259B3E} = {00BF5644-8943-4307-AEB0-15A85BB05DB2}
		{58A0061B-3AF4-4C9C-901F-8A9794330B8D} = {00BF5644-8943-4307-AEB0-15A85BB05DB2}
		{4647FA9A-519A-4632-8750-882AF3C4300F} = {00BF5644-8943-4307-AEB0-15A85BB05DB2}
		{B8C00F4C-C82B-4BD9-985F-ED61E94C2857} = {9E4BCB66-DEA4-4505-A98B-750535140F06}
		{53964C5B-05CF-49B5-AFA6-D0B22A3122DC} = {B8C00F4C-C82B-4BD9-985F-ED61E94C2857}
		{AEF5D47E-4EEC-471A-BC61-BC581C9E7EB2} = {9E4BCB66-DEA4-4505-A98B-750535140F06}
		{3504BB1F-716C-4BFF-AE6F-08438121EA95} = {AEF5D47E-4EEC-471A-BC61-BC581C9E7EB2}
		{4F7BDFFE-2485-4189-B23E-40C2FAB91532} = {AEF5D47E-4EEC-471A-BC61-BC581C9E7EB2}
		{8104B436-8BB3-41E5-9225-933B18810405} = {AEF5D47E-4EEC-471A-BC61-BC581C9E7EB2}
		{4C720035-CFF6-44B8-9840-BBE4EF19FF03} = {AEF5D47E-4EEC-471A-BC61-BC581C9E7EB2}
		{FD3B867E-207D-4E13-A628-87285CB7C229} = {AEF5D47E-4EEC-471A-BC61-BC581C9E7EB2}
		{C8EC27C3-3170-4BF2-84DD-A5A64F5BBDAD} = {AEF5D47E-4EEC-471A-BC61-BC581C9E7EB2}
		{D20B4DB5-82F6-42BB-AA0C-2828D4C68F19} = {AEF5D47E-4EEC-471A-BC61-BC581C9E7EB2}
		{923B7A68-3D82-44ED-ABD2-C040D11D265C} = {AEF5D47E-4EEC-471A-BC61-BC581C9E7EB2}
		{8CACA67B-CC8E-40C6-9B56-D3A41F055CE5} = {AEF5D47E-4EEC-471A-BC61-BC581C9E7EB2}
		{0478E320-BDCD-47F4-BF56-D5EF5C221DCA} = {AEF5D47E-4EEC-471A-BC61-BC581C9E7EB2}
		{B6B33C39-4455-43D6-AF86-E89BD19F68C1} = {AEF5D47E-4EEC-471A-BC61-BC581C9E7EB2}
		{5BF65FE9-AD2C-4570-BD3A-426CCE5230C3} = {AEF5D47E-4EEC-471A-BC61-BC581C9E7EB2}
		{107E1A57-1471-4228-BFF1-597295363951} = {AEF5D47E-4EEC-471A-BC61-BC581C9E7EB2}
		{03A521DB-A7BE-40D1-8233-3EB0E4074E3A} = {AEF5D47E-4EEC-471A-BC61-BC581C9E7EB2}
	EndGlobalSection
EndGlobal
